{
  "originHash" : "8e0c3e26e2ff3599f9d61e9b07b1c4f0c1a5c70869a83425f41f6c2267778388",
  "pins" : [
    {
      "identity" : "capacitor-swift-pm",
      "kind" : "remoteSourceControl",
      "location" : "https://github.com/ionic-team/capacitor-swift-pm.git",
      "state" : {
        "revision" : "3fe94bbbe43e63ada75aa6788fc10e3764622a97",
        "version" : "6.2.1"
      }
    },
    {
      "identity" : "ionic-live-updates-releases",
      "kind" : "remoteSourceControl",
      "location" : "https://github.com/ionic-team/ionic-live-updates-releases.git",
      "state" : {
        "revision" : "e577a3735249a62f5dedd79d21c06d71e28f6855",
        "version" : "0.5.8"
      }
    }
  ],
  "version" : 3
}
